<?xml version="1.0" encoding="utf-8"?>
<Project ToolsVersion="4.0" xmlns="http://schemas.microsoft.com/developer/msbuild/2003">
  <ItemGroup>
    <Filter Include="Source Files">
      <UniqueIdentifier>{3c4b66ee-f0be-4610-960e-3cd1d89fd609}</UniqueIdentifier>
      <Extensions>cpp;c;cxx;rc;def;r;odl;idl;hpj;bat</Extensions>
    </Filter>
    <Filter Include="Header Files">
      <UniqueIdentifier>{b19c4195-ec24-4f0e-b9b4-666cdfbb0c26}</UniqueIdentifier>
      <Extensions>h;hpp;hxx;hm;inl</Extensions>
    </Filter>
    <Filter Include="Resource Files">
      <UniqueIdentifier>{062abd08-8b56-4839-86f7-88e7319e71b5}</UniqueIdentifier>
      <Extensions>ico;cur;bmp;dlg;rc2;rct;bin;rgs;gif;jpg;jpeg;jpe</Extensions>
    </Filter>
  </ItemGroup>
  <ItemGroup>
    <ClCompile Include="analyze-linkage.c">
      <Filter>Source Files</Filter>
    </ClCompile>
    <ClCompile Include="and.c">
      <Filter>Source Files</Filter>
    </ClCompile>
    <ClCompile Include="api.c">
      <Filter>Source Files</Filter>
    </ClCompile>
    <ClCompile Include="build-disjuncts.c">
      <Filter>Source Files</Filter>
    </ClCompile>
    <ClCompile Include="command-line.c">
      <Filter>Source Files</Filter>
    </ClCompile>
    <ClCompile Include="count.c">
      <Filter>Source Files</Filter>
    </ClCompile>
    <ClCompile Include="Crypto.cpp">
      <Filter>Source Files</Filter>
    </ClCompile>
    <ClCompile Include="error.c">
      <Filter>Source Files</Filter>
    </ClCompile>
    <ClCompile Include="extract-links.c">
      <Filter>Source Files</Filter>
    </ClCompile>
    <ClCompile Include="fast-match.c">
      <Filter>Source Files</Filter>
    </ClCompile>
    <ClCompile Include="idiom.c">
      <Filter>Source Files</Filter>
    </ClCompile>
    <ClCompile Include="LinkParser.cpp">
      <Filter>Source Files</Filter>
    </ClCompile>
    <ClCompile Include="linkset.c">
      <Filter>Source Files</Filter>
    </ClCompile>
    <ClCompile Include="massage.c">
      <Filter>Source Files</Filter>
    </ClCompile>
    <ClCompile Include="Parser.cpp">
      <Filter>Source Files</Filter>
    </ClCompile>
    <ClCompile Include="post-process.c">
      <Filter>Source Files</Filter>
    </ClCompile>
    <ClCompile Include="pp_knowledge.c">
      <Filter>Source Files</Filter>
    </ClCompile>
    <ClCompile Include="pp_lexer.c">
      <Filter>Source Files</Filter>
    </ClCompile>
    <ClCompile Include="pp_linkset.c">
      <Filter>Source Files</Filter>
    </ClCompile>
    <ClCompile Include="preparation.c">
      <Filter>Source Files</Filter>
    </ClCompile>
    <ClCompile Include="print.c">
      <Filter>Source Files</Filter>
    </ClCompile>
    <ClCompile Include="prune.c">
      <Filter>Source Files</Filter>
    </ClCompile>
    <ClCompile Include="read-dict.c">
      <Filter>Source Files</Filter>
    </ClCompile>
    <ClCompile Include="resources.c">
      <Filter>Source Files</Filter>
    </ClCompile>
    <ClCompile Include="StdAfx.cpp">
      <Filter>Source Files</Filter>
    </ClCompile>
    <ClCompile Include="string-set.c">
      <Filter>Source Files</Filter>
    </ClCompile>
    <ClCompile Include="tokenize.c">
      <Filter>Source Files</Filter>
    </ClCompile>
    <ClCompile Include="utilities.c">
      <Filter>Source Files</Filter>
    </ClCompile>
    <ClCompile Include="word-file.c">
      <Filter>Source Files</Filter>
    </ClCompile>
  </ItemGroup>
  <ItemGroup>
    <Midl Include="LinkParser.idl">
      <Filter>Source Files</Filter>
    </Midl>
  </ItemGroup>
  <ItemGroup>
    <ResourceCompile Include="LinkParser.rc">
      <Filter>Source Files</Filter>
    </ResourceCompile>
  </ItemGroup>
  <ItemGroup>
    <ClInclude Include="Crypto.h">
      <Filter>Header Files</Filter>
    </ClInclude>
    <ClInclude Include="DictionaryDB.H">
      <Filter>Header Files</Filter>
    </ClInclude>
    <ClInclude Include="Parser.h">
      <Filter>Header Files</Filter>
    </ClInclude>
    <ClInclude Include="Resource.h">
      <Filter>Header Files</Filter>
    </ClInclude>
    <ClInclude Include="StdAfx.h">
      <Filter>Header Files</Filter>
    </ClInclude>
    <ClInclude Include="msjetoledb.h">
      <Filter>Header Files</Filter>
    </ClInclude>
  </ItemGroup>
  <ItemGroup>
    <CustomBuild Include="LinkParser.def">
      <Filter>Source Files</Filter>
    </CustomBuild>
    <CustomBuild Include="Parser.rgs">
      <Filter>Resource Files</Filter>
    </CustomBuild>
  </ItemGroup>
</Project>